
Microsoft Visual Studio Solution File, Format Version 12.00
Project("{FAE04EC0-301F-11D3-BF4B-00C04F79EFBC}") = "BowlingKata", "BowlingKata\BowlingKata.csproj", "{9C078C01-4721-404E-88AB-1CDC01777B3F}"
EndProject
Project("{FAE04EC0-301F-11D3-BF4B-00C04F79EFBC}") = "BowlingKataTest", "BowlingKataTest\BowlingKataTest.csproj", "{BDF3859F-C640-40DC-ACAB-167746022956}"
EndProject
Global
	GlobalSection(SolutionConfigurationPlatforms) = preSolution
		Debug|Any CPU = Debug|Any CPU
		Release|Any CPU = Release|Any CPU
	EndGlobalSection
	GlobalSection(ProjectConfigurationPlatforms) = postSolution
		{9C078C01-4721-404E-88AB-1CDC01777B3F}.Debug|Any CPU.ActiveCfg = Debug|Any CPU
		{9C078C01-4721-404E-88AB-1CDC01777B3F}.Debug|Any CPU.Build.0 = Debug|Any CPU
		{9C078C01-4721-404E-88AB-1CDC01777B3F}.Release|Any CPU.ActiveCfg = Release|Any CPU
		{9C078C01-4721-404E-88AB-1CDC01777B3F}.Release|Any CPU.Build.0 = Release|Any CPU
		{BDF3859F-C640-40DC-ACAB-167746022956}.Debug|Any CPU.ActiveCfg = Debug|Any CPU
		{BDF3859F-C640-40DC-ACAB-167746022956}.Debug|Any CPU.Build.0 = Debug|Any CPU
		{BDF3859F-C640-40DC-ACAB-167746022956}.Release|Any CPU.ActiveCfg = Release|Any CPU
		{BDF3859F-C640-40DC-ACAB-167746022956}.Release|Any CPU.Build.0 = Release|Any CPU
	EndGlobalSection
EndGlobal
